
Microsoft Visual Studio Solution File, Format Version 12.00
# Visual Studio 14
VisualStudioVersion = 14.0.25420.1
MinimumVisualStudioVersion = 10.0.40219.1
Project("{8BC9CEB8-8B4A-11D0-8D11-00A0C91BC942}") = "SDL2", "SDL2\SDL2.vcxproj", "{455EDCC2-9DF8-41EA-BF36-99AD1D9B38EA}"
EndProject
Project("{39E2626F-3545-4960-A6E8-258AD8476CE5}") = "SDL2_Application", "SDL2_Application\SDL2_Application.androidproj", "{224F76D5-6914-4929-89E6-9B8F39FA6B46}"
EndProject
Project("{8BC9CEB8-8B4A-11D0-8D11-00A0C91BC942}") = "main", "main\main.vcxproj", "{41BB0AA9-2A43-4CBA-8B71-1EF37EE6D67E}"
EndProject
Global
	GlobalSection(SolutionConfigurationPlatforms) = preSolution
		Debug|ARM = Debug|ARM
		Debug|ARM64 = Debug|ARM64
		Debug|x64 = Debug|x64
		Debug|x86 = Debug|x86
		Release|ARM = Release|ARM
		Release|ARM64 = Release|ARM64
		Release|x64 = Release|x64
		Release|x86 = Release|x86
	EndGlobalSection
	GlobalSection(ProjectConfigurationPlatforms) = postSolution
		{455EDCC2-9DF8-41EA-BF36-99AD1D9B38EA}.Debug|ARM.ActiveCfg = Debug|ARM
		{455EDCC2-9DF8-41EA-BF36-99AD1D9B38EA}.Debug|ARM.Build.0 = Debug|ARM
		{455EDCC2-9DF8-41EA-BF36-99AD1D9B38EA}.Debug|ARM64.ActiveCfg = Debug|ARM64
		{455EDCC2-9DF8-41EA-BF36-99AD1D9B38EA}.Debug|ARM64.Build.0 = Debug|ARM64
		{455EDCC2-9DF8-41EA-BF36-99AD1D9B38EA}.Debug|x64.ActiveCfg = Debug|x64
		{455EDCC2-9DF8-41EA-BF36-99AD1D9B38EA}.Debug|x64.Build.0 = Debug|x64
		{455EDCC2-9DF8-41EA-BF36-99AD1D9B38EA}.Debug|x86.ActiveCfg = Debug|x86
		{455EDCC2-9DF8-41EA-BF36-99AD1D9B38EA}.Debug|x86.Build.0 = Debug|x86
		{455EDCC2-9DF8-41EA-BF36-99AD1D9B38EA}.Release|ARM.ActiveCfg = Release|ARM
		{455EDCC2-9DF8-41EA-BF36-99AD1D9B38EA}.Release|ARM.Build.0 = Release|ARM
		{455EDCC2-9DF8-41EA-BF36-99AD1D9B38EA}.Release|ARM64.ActiveCfg = Release|ARM64
		{455EDCC2-9DF8-41EA-BF36-99AD1D9B38EA}.Release|ARM64.Build.0 = Release|ARM64
		{455EDCC2-9DF8-41EA-BF36-99AD1D9B38EA}.Release|x64.ActiveCfg = Release|x64
		{455EDCC2-9DF8-41EA-BF36-99AD1D9B38EA}.Release|x64.Build.0 = Release|x64
		{455EDCC2-9DF8-41EA-BF36-99AD1D9B38EA}.Release|x86.ActiveCfg = Release|x86
		{455EDCC2-9DF8-41EA-BF36-99AD1D9B38EA}.Release|x86.Build.0 = Release|x86
		{224F76D5-6914-4929-89E6-9B8F39FA6B46}.Debug|ARM.ActiveCfg = Debug|ARM
		{224F76D5-6914-4929-89E6-9B8F39FA6B46}.Debug|ARM.Build.0 = Debug|ARM
		{224F76D5-6914-4929-89E6-9B8F39FA6B46}.Debug|ARM.Deploy.0 = Debug|ARM
		{224F76D5-6914-4929-89E6-9B8F39FA6B46}.Debug|ARM64.ActiveCfg = Debug|ARM64
		{224F76D5-6914-4929-89E6-9B8F39FA6B46}.Debug|ARM64.Build.0 = Debug|ARM64
		{224F76D5-6914-4929-89E6-9B8F39FA6B46}.Debug|ARM64.Deploy.0 = Debug|ARM64
		{224F76D5-6914-4929-89E6-9B8F39FA6B46}.Debug|x64.ActiveCfg = Debug|x64
		{224F76D5-6914-4929-89E6-9B8F39FA6B46}.Debug|x64.Build.0 = Debug|x64
		{224F76D5-6914-4929-89E6-9B8F39FA6B46}.Debug|x64.Deploy.0 = Debug|x64
		{224F76D5-6914-4929-89E6-9B8F39FA6B46}.Debug|x86.ActiveCfg = Debug|x86
		{224F76D5-6914-4929-89E6-9B8F39FA6B46}.Debug|x86.Build.0 = Debug|x86
		{224F76D5-6914-4929-89E6-9B8F39FA6B46}.Debug|x86.Deploy.0 = Debug|x86
		{224F76D5-6914-4929-89E6-9B8F39FA6B46}.Release|ARM.ActiveCfg = Release|ARM
		{224F76D5-6914-4929-89E6-9B8F39FA6B46}.Release|ARM.Build.0 = Release|ARM
		{224F76D5-6914-4929-89E6-9B8F39FA6B46}.Release|ARM.Deploy.0 = Release|ARM
		{224F76D5-6914-4929-89E6-9B8F39FA6B46}.Release|ARM64.ActiveCfg = Release|ARM64
		{224F76D5-6914-4929-89E6-9B8F39FA6B46}.Release|ARM64.Build.0 = Release|ARM64
		{224F76D5-6914-4929-89E6-9B8F39FA6B46}.Release|ARM64.Deploy.0 = Release|ARM64
		{224F76D5-6914-4929-89E6-9B8F39FA6B46}.Release|x64.ActiveCfg = Release|x64
		{224F76D5-6914-4929-89E6-9B8F39FA6B46}.Release|x64.Build.0 = Release|x64
		{224F76D5-6914-4929-89E6-9B8F39FA6B46}.Release|x64.Deploy.0 = Release|x64
		{224F76D5-6914-4929-89E6-9B8F39FA6B46}.Release|x86.ActiveCfg = Release|x86
		{224F76D5-6914-4929-89E6-9B8F39FA6B46}.Release|x86.Build.0 = Release|x86
		{224F76D5-6914-4929-89E6-9B8F39FA6B46}.Release|x86.Deploy.0 = Release|x86
		{41BB0AA9-2A43-4CBA-8B71-1EF37EE6D67E}.Debug|ARM.ActiveCfg = Debug|ARM
		{41BB0AA9-2A43-4CBA-8B71-1EF37EE6D67E}.Debug|ARM.Build.0 = Debug|ARM
		{41BB0AA9-2A43-4CBA-8B71-1EF37EE6D67E}.Debug|ARM64.ActiveCfg = Debug|ARM64
		{41BB0AA9-2A43-4CBA-8B71-1EF37EE6D67E}.Debug|ARM64.Build.0 = Debug|ARM64
		{41BB0AA9-2A43-4CBA-8B71-1EF37EE6D67E}.Debug|x64.ActiveCfg = Debug|x64
		{41BB0AA9-2A43-4CBA-8B71-1EF37EE6D67E}.Debug|x64.Build.0 = Debug|x64
		{41BB0AA9-2A43-4CBA-8B71-1EF37EE6D67E}.Debug|x86.ActiveCfg = Debug|x86
		{41BB0AA9-2A43-4CBA-8B71-1EF37EE6D67E}.Debug|x86.Build.0 = Debug|x86
		{41BB0AA9-2A43-4CBA-8B71-1EF37EE6D67E}.Release|ARM.ActiveCfg = Release|ARM
		{41BB0AA9-2A43-4CBA-8B71-1EF37EE6D67E}.Release|ARM.Build.0 = Release|ARM
		{41BB0AA9-2A43-4CBA-8B71-1EF37EE6D67E}.Release|ARM64.ActiveCfg = Release|ARM64
		{41BB0AA9-2A43-4CBA-8B71-1EF37EE6D67E}.Release|ARM64.Build.0 = Release|ARM64
		{41BB0AA9-2A43-4CBA-8B71-1EF37EE6D67E}.Release|x64.ActiveCfg = Release|x64
		{41BB0AA9-2A43-4CBA-8B71-1EF37EE6D67E}.Release|x64.Build.0 = Release|x64
		{41BB0AA9-2A43-4CBA-8B71-1EF37EE6D67E}.Release|x86.ActiveCfg = Release|x86
		{41BB0AA9-2A43-4CBA-8B71-1EF37EE6D67E}.Release|x86.Build.0 = Release|x86
		{49A7E55D-6CCC-4355-84B8-992C9447751D}.Debug|ARM.ActiveCfg = Debug|ARM
		{49A7E55D-6CCC-4355-84B8-992C9447751D}.Debug|ARM.Build.0 = Debug|ARM
		{49A7E55D-6CCC-4355-84B8-992C9447751D}.Debug|ARM64.ActiveCfg = Debug|ARM64
		{49A7E55D-6CCC-4355-84B8-992C9447751D}.Debug|ARM64.Build.0 = Debug|ARM64
		{49A7E55D-6CCC-4355-84B8-992C9447751D}.Debug|x64.ActiveCfg = Debug|x64
		{49A7E55D-6CCC-4355-84B8-992C9447751D}.Debug|x64.Build.0 = Debug|x64
		{49A7E55D-6CCC-4355-84B8-992C9447751D}.Debug|x86.ActiveCfg = Debug|x86
		{49A7E55D-6CCC-4355-84B8-992C9447751D}.Debug|x86.Build.0 = Debug|x86
		{49A7E55D-6CCC-4355-84B8-992C9447751D}.Release|ARM.ActiveCfg = Release|ARM
		{49A7E55D-6CCC-4355-84B8-992C9447751D}.Release|ARM.Build.0 = Release|ARM
		{49A7E55D-6CCC-4355-84B8-992C9447751D}.Release|ARM64.ActiveCfg = Release|ARM64
		{49A7E55D-6CCC-4355-84B8-992C9447751D}.Release|ARM64.Build.0 = Release|ARM64
		{49A7E55D-6CCC-4355-84B8-992C9447751D}.Release|x64.ActiveCfg = Release|x64
		{49A7E55D-6CCC-4355-84B8-992C9447751D}.Release|x64.Build.0 = Release|x64
		{49A7E55D-6CCC-4355-84B8-992C9447751D}.Release|x86.ActiveCfg = Release|x86
		{49A7E55D-6CCC-4355-84B8-992C9447751D}.Release|x86.Build.0 = Release|x86
	EndGlobalSection
	GlobalSection(SolutionProperties) = preSolution
		HideSolutionNode = FALSE
	EndGlobalSection
EndGlobal
